<?xml version="1.0" encoding="UTF-8" standalone="yes" ?>
<CodeBlocks_project_file>
	<FileVersion major="1" minor="6" />
	<Project>
		<Option title="Inugami" />
		<Option pch_mode="2" />
		<Option compiler="gcc" />
		<Option virtualFolders="OpenGL\;Resource Data\;Resource Handles\;Utilities\;Core\;Shaders\;Utilities\Detail\;" />
		<Build>
			<Target title="Debug - Linux">
				<Option platforms="Unix;" />
				<Option output="game_d" prefix_auto="1" extension_auto="1" />
				<Option object_output="obj/debug/" />
				<Option type="1" />
				<Option compiler="gcc" />
				<Compiler>
					<Add option="-Weffc++" />
					<Add option="-g" />
					<Add option="-fno-inline" />
					<Add option="-fno-omit-frame-pointer" />
				</Compiler>
				<Linker>
					<Add library="GLEW" />
					<Add library="GL" />
					<Add library="Xxf86vm" />
					<Add library="m" />
					<Add library="Xrender" />
					<Add library="Xext" />
					<Add library="X11" />
					<Add library="xcb" />
					<Add library="Xau" />
					<Add library="Xdmcp" />
					<Add library="rt" />
					<Add library="Xrandr" />
					<Add library="Xi" />
				</Linker>
			</Target>
			<Target title="Release - Linux">
				<Option platforms="Unix;" />
				<Option output="game" prefix_auto="1" extension_auto="1" />
				<Option object_output="obj/release/" />
				<Option type="0" />
				<Option compiler="gcc" />
				<Compiler>
					<Add option="-O3" />
				</Compiler>
				<Linker>
					<Add option="-s" />
					<Add library="GLEW" />
					<Add library="GL" />
					<Add library="Xxf86vm" />
					<Add library="m" />
					<Add library="Xrender" />
					<Add library="Xext" />
					<Add library="X11" />
					<Add library="xcb" />
					<Add library="Xau" />
					<Add library="Xdmcp" />
					<Add library="rt" />
					<Add library="Xrandr" />
					<Add library="Xi" />
				</Linker>
			</Target>
			<Target title="Debug - Windows">
				<Option platforms="Windows;" />
				<Option output="game_d" prefix_auto="1" extension_auto="1" />
				<Option object_output="obj/debug/" />
				<Option type="1" />
				<Option compiler="gcc" />
				<Compiler>
					<Add option="-Wredundant-decls" />
					<Add option="-Wunreachable-code" />
					<Add option="-Wswitch-enum" />
					<Add option="-Wswitch-default" />
					<Add option="-Wzero-as-null-pointer-constant" />
					<Add option="-std=c++11" />
					<Add option="-Wextra" />
					<Add option="-Wall" />
					<Add option="-static" />
					<Add option="-DGLEW_STATIC" />
					<Add option="-DPNG_STATIC" />
					<Add option="-DZLIB_STATIC" />
				</Compiler>
				<Linker>
					<Add option="-static" />
					<Add library="z" />
					<Add library="glew32" />
					<Add library="opengl32" />
					<Add library="glu32" />
					<Add library="gdi32" />
				</Linker>
			</Target>
			<Target title="Release - Windows">
				<Option platforms="Windows;" />
				<Option output="game" prefix_auto="1" extension_auto="1" />
				<Option object_output="obj/release/" />
				<Option type="0" />
				<Option compiler="gcc" />
				<Compiler>
					<Add option="-fexpensive-optimizations" />
					<Add option="-O3" />
					<Add option="-static" />
					<Add option="-DGLEW_STATIC" />
					<Add option="-DPNG_STATIC" />
					<Add option="-DZLIB_STATIC" />
				</Compiler>
				<Linker>
					<Add option="-s" />
					<Add option="-static" />
					<Add library="z" />
					<Add library="glew32" />
					<Add library="opengl32" />
					<Add library="glu32" />
					<Add library="gdi32" />
				</Linker>
			</Target>
			<Target title="Fallback - Windows">
				<Option platforms="Windows;" />
				<Option output="game_fallback" prefix_auto="1" extension_auto="1" />
				<Option object_output="obj/fallback/" />
				<Option type="0" />
				<Option compiler="gcc" />
				<Compiler>
					<Add option="-fexpensive-optimizations" />
					<Add option="-O3" />
					<Add option="-static" />
					<Add option="-DGLEW_STATIC" />
					<Add option="-DPNG_STATIC" />
					<Add option="-DZLIB_STATIC" />
					<Add option="-DINU_NO_SHADERS" />
					<Add option="-DINU_MESH_FALLBACK" />
				</Compiler>
				<Linker>
					<Add option="-s" />
					<Add option="-static" />
					<Add library="z" />
					<Add library="glew32" />
					<Add library="opengl32" />
					<Add library="glu32" />
					<Add library="gdi32" />
				</Linker>
			</Target>
		</Build>
		<Compiler>
			<Add option="-Wredundant-decls" />
			<Add option="-Wunreachable-code" />
			<Add option="-Wswitch-enum" />
			<Add option="-Wswitch-default" />
			<Add option="-Wzero-as-null-pointer-constant" />
			<Add option="-std=c++11" />
			<Add option="-Wextra" />
			<Add option="-Wall" />
		</Compiler>
		<Linker>
			<Add library="glfw3" />
			<Add library="png" />
		</Linker>
		<Unit filename="customcore.cpp" />
		<Unit filename="customcore.hpp" />
		<Unit filename="inugami/animatedsprite.cpp">
			<Option virtualFolder="Resource Handles/" />
		</Unit>
		<Unit filename="inugami/animatedsprite.hpp">
			<Option virtualFolder="Resource Handles/" />
		</Unit>
		<Unit filename="inugami/camera.cpp">
			<Option virtualFolder="OpenGL/" />
		</Unit>
		<Unit filename="inugami/camera.hpp">
			<Option virtualFolder="OpenGL/" />
		</Unit>
		<Unit filename="inugami/core.cpp">
			<Option virtualFolder="Core/" />
		</Unit>
		<Unit filename="inugami/core.hpp">
			<Option virtualFolder="Core/" />
		</Unit>
		<Unit filename="inugami/detail/addonce.hpp">
			<Option virtualFolder="Utilities/Detail/" />
		</Unit>
		<Unit filename="inugami/detail/constattr.hpp">
			<Option virtualFolder="Utilities/Detail/" />
		</Unit>
		<Unit filename="inugami/detail/containerutils.hpp">
			<Option virtualFolder="Utilities/Detail/" />
		</Unit>
		<Unit filename="inugami/detail/edgedetector.hpp">
			<Option virtualFolder="Utilities/Detail/" />
		</Unit>
		<Unit filename="inugami/detail/range.hpp">
			<Option virtualFolder="Utilities/Detail/" />
		</Unit>
		<Unit filename="inugami/detail/streamutils.hpp">
			<Option virtualFolder="Utilities/Detail/" />
		</Unit>
		<Unit filename="inugami/exception.cpp">
			<Option virtualFolder="Utilities/" />
		</Unit>
		<Unit filename="inugami/exception.hpp">
			<Option virtualFolder="Utilities/" />
		</Unit>
		<Unit filename="inugami/geometry.cpp">
			<Option virtualFolder="Resource Data/" />
		</Unit>
		<Unit filename="inugami/geometry.hpp">
			<Option virtualFolder="Resource Data/" />
		</Unit>
		<Unit filename="inugami/image.cpp">
			<Option virtualFolder="Resource Data/" />
		</Unit>
		<Unit filename="inugami/image.hpp">
			<Option virtualFolder="Resource Data/" />
		</Unit>
		<Unit filename="inugami/interface.cpp">
			<Option virtualFolder="Core/" />
		</Unit>
		<Unit filename="inugami/interface.hpp">
			<Option virtualFolder="Core/" />
		</Unit>
		<Unit filename="inugami/inugami.hpp">
			<Option virtualFolder="Core/" />
		</Unit>
		<Unit filename="inugami/loaders.cpp">
			<Option virtualFolder="Utilities/" />
		</Unit>
		<Unit filename="inugami/loaders.hpp">
			<Option virtualFolder="Utilities/" />
		</Unit>
		<Unit filename="inugami/logger.hpp">
			<Option virtualFolder="Utilities/" />
		</Unit>
		<Unit filename="inugami/math.hpp">
			<Option virtualFolder="Utilities/" />
		</Unit>
		<Unit filename="inugami/mathtypes.hpp">
			<Option virtualFolder="Utilities/" />
		</Unit>
		<Unit filename="inugami/mesh.cpp">
			<Option virtualFolder="Resource Handles/" />
		</Unit>
		<Unit filename="inugami/mesh.hpp">
			<Option virtualFolder="Resource Handles/" />
		</Unit>
		<Unit filename="inugami/opengl.hpp">
			<Option virtualFolder="OpenGL/" />
		</Unit>
		<Unit filename="inugami/pixel.cpp">
			<Option virtualFolder="Resource Data/" />
		</Unit>
		<Unit filename="inugami/pixel.hpp">
			<Option virtualFolder="Resource Data/" />
		</Unit>
		<Unit filename="inugami/profiler.cpp">
			<Option virtualFolder="Utilities/" />
		</Unit>
		<Unit filename="inugami/profiler.hpp">
			<Option virtualFolder="Utilities/" />
		</Unit>
		<Unit filename="inugami/shader.cpp">
			<Option virtualFolder="Resource Handles/" />
		</Unit>
		<Unit filename="inugami/shader.hpp">
			<Option virtualFolder="Resource Handles/" />
		</Unit>
		<Unit filename="inugami/shaderprogram.cpp">
			<Option virtualFolder="Resource Data/" />
		</Unit>
		<Unit filename="inugami/shaderprogram.hpp">
			<Option virtualFolder="Resource Data/" />
		</Unit>
		<Unit filename="inugami/spritesheet.cpp">
			<Option virtualFolder="Resource Handles/" />
		</Unit>
		<Unit filename="inugami/spritesheet.hpp">
			<Option virtualFolder="Resource Handles/" />
		</Unit>
		<Unit filename="inugami/texture.cpp">
			<Option virtualFolder="Resource Handles/" />
		</Unit>
		<Unit filename="inugami/texture.hpp">
			<Option virtualFolder="Resource Handles/" />
		</Unit>
		<Unit filename="inugami/transform.cpp">
			<Option virtualFolder="OpenGL/" />
		</Unit>
		<Unit filename="inugami/transform.hpp">
			<Option virtualFolder="OpenGL/" />
		</Unit>
		<Unit filename="inugami/utility.hpp">
			<Option virtualFolder="Utilities/" />
		</Unit>
		<Unit filename="main.cpp" />
		<Unit filename="meta.cpp" />
		<Unit filename="meta.hpp" />
		<Unit filename="shaders/crazy.frag">
			<Option virtualFolder="Shaders/" />
		</Unit>
		<Unit filename="shaders/crazy.vert">
			<Option virtualFolder="Shaders/" />
		</Unit>
		<Extensions>
			<code_completion />
			<envvars />
			<debugger />
			<lib_finder disable_auto="1" />
			<DoxyBlocks>
				<comment_style block="0" line="0" />
				<doxyfile_project />
				<doxyfile_build />
				<doxyfile_warnings />
				<doxyfile_output />
				<doxyfile_dot />
				<general use_at_in_tags="1" />
			</DoxyBlocks>
			<AutoVersioning>
				<Scheme minor_max="10" build_max="0" rev_max="0" rev_rand_max="10" build_times_to_increment_minor="100" />
				<Settings autoincrement="1" date_declarations="1" update_manifest="1" do_auto_increment="0" ask_to_increment="0" language="C++" svn="0" svn_directory="" header_path="version.h" />
				<Changes_Log show_changes_editor="0" app_title="released version %M.%m.%b of %p" changeslog_path="ChangesLog.txt" />
				<Code header_guard="VERSION_H" namespace="AutoVersion" prefix="" />
			</AutoVersioning>
		</Extensions>
	</Project>
</CodeBlocks_project_file>
