<?xml version="1.0" encoding="UTF-8" standalone="yes" ?>
<CodeBlocks_project_file>
	<FileVersion major="1" minor="6" />
	<Project>
		<Option title="Inugami" />
		<Option pch_mode="2" />
		<Option compiler="gcc" />
		<Build>
			<Target title="Debug">
				<Option output="game_d" prefix_auto="1" extension_auto="1" />
				<Option object_output="obj/debug/" />
				<Option type="1" />
				<Option compiler="gcc" />
				<Compiler>
					<Add option="-Weffc++" />
					<Add option="-g" />
					<Add option="-fno-inline" />
					<Add option="-fno-omit-frame-pointer" />
				</Compiler>
			</Target>
			<Target title="Release">
				<Option output="game" prefix_auto="1" extension_auto="1" />
				<Option object_output="obj/release/" />
				<Option type="0" />
				<Option compiler="gcc" />
				<Compiler>
					<Add option="-O3" />
				</Compiler>
				<Linker>
					<Add option="-s" />
				</Linker>
			</Target>
		</Build>
		<Compiler>
			<Add option="-std=c++11" />
			<Add option="-Wall" />
		</Compiler>
		<Linker>
			<Add library="IL" />
			<Add library="ILU" />
			<Add library="noise" />
			<Add library="GLEW" />
			<Add library="glfw3" />
			<Add library="rt" />
			<Add library="Xrandr" />
			<Add library="Xxf86vm" />
			<Add library="GL" />
			<Add library="m" />
			<Add library="Xrender" />
			<Add library="Xext" />
			<Add library="X11" />
			<Add library="pthread" />
			<Add library="xcb" />
			<Add library="Xau" />
			<Add library="Xdmcp" />
		</Linker>
		<Unit filename="customcore.cpp" />
		<Unit filename="customcore.hpp" />
		<Unit filename="inugami/animatedsprite.cpp" />
		<Unit filename="inugami/animatedsprite.hpp" />
		<Unit filename="inugami/camera.cpp" />
		<Unit filename="inugami/camera.hpp" />
		<Unit filename="inugami/core.cpp" />
		<Unit filename="inugami/core.hpp" />
		<Unit filename="inugami/exception.cpp" />
		<Unit filename="inugami/exception.hpp" />
		<Unit filename="inugami/interface.cpp" />
		<Unit filename="inugami/interface.hpp" />
		<Unit filename="inugami/inugami.hpp" />
		<Unit filename="inugami/loaders.cpp" />
		<Unit filename="inugami/loaders.hpp" />
		<Unit filename="inugami/logger.hpp" />
		<Unit filename="inugami/math.hpp" />
		<Unit filename="inugami/mathtypes.hpp" />
		<Unit filename="inugami/mesh.cpp" />
		<Unit filename="inugami/mesh.hpp" />
		<Unit filename="inugami/opengl.hpp" />
		<Unit filename="inugami/profiler.cpp" />
		<Unit filename="inugami/profiler.hpp" />
		<Unit filename="inugami/shader.cpp" />
		<Unit filename="inugami/shader.hpp" />
		<Unit filename="inugami/sharedbank.cpp" />
		<Unit filename="inugami/sharedbank.hpp" />
		<Unit filename="inugami/spritesheet.cpp" />
		<Unit filename="inugami/spritesheet.hpp" />
		<Unit filename="inugami/texture.cpp" />
		<Unit filename="inugami/texture.hpp" />
		<Unit filename="inugami/transform.cpp" />
		<Unit filename="inugami/transform.hpp" />
		<Unit filename="inugami/utility.hpp" />
		<Unit filename="main.cpp" />
		<Unit filename="meta.cpp" />
		<Unit filename="meta.hpp" />
		<Unit filename="shaders/crazy.frag" />
		<Unit filename="shaders/crazy.vert" />
		<Extensions>
			<code_completion />
			<envvars />
			<debugger />
			<lib_finder disable_auto="1" />
			<DoxyBlocks>
				<comment_style block="0" line="1" />
				<doxyfile_project />
				<doxyfile_build />
				<doxyfile_warnings />
				<doxyfile_output />
				<doxyfile_dot />
				<general />
			</DoxyBlocks>
		</Extensions>
	</Project>
</CodeBlocks_project_file>
