<?xml version="1.0" encoding="UTF-8" standalone="yes" ?>
<CodeBlocks_project_file>
	<FileVersion major="1" minor="6" />
	<Project>
		<Option title="Inugami" />
		<Option pch_mode="2" />
		<Option compiler="gcc" />
		<Option virtualFolders="Utilities/;Shaders/;Resource Handles/;Resource Data/;OpenGL/;Core/;" />
		<Build>
			<Target title="Debug">
				<Option output="game_d" prefix_auto="1" extension_auto="1" />
				<Option object_output="obj/debug/" />
				<Option type="1" />
				<Option compiler="gcc" />
				<Compiler>
					<Add option="-Weffc++" />
					<Add option="-g" />
					<Add option="-fno-inline" />
					<Add option="-fno-omit-frame-pointer" />
				</Compiler>
			</Target>
			<Target title="Release">
				<Option output="game" prefix_auto="1" extension_auto="1" />
				<Option object_output="obj/release/" />
				<Option type="0" />
				<Option compiler="gcc" />
				<Compiler>
					<Add option="-O3" />
				</Compiler>
				<Linker>
					<Add option="-s" />
				</Linker>
			</Target>
		</Build>
		<Compiler>
			<Add option="-std=c++11" />
			<Add option="-Wextra" />
			<Add option="-Wall" />
		</Compiler>
		<Linker>
			<Add library="yaml-cpp" />
			<Add library="png" />
			<Add library="noise" />
			<Add library="GLEW" />
			<Add library="glfw3" />
			<Add library="rt" />
			<Add library="Xrandr" />
			<Add library="Xxf86vm" />
			<Add library="GL" />
			<Add library="m" />
			<Add library="Xrender" />
			<Add library="Xext" />
			<Add library="X11" />
			<Add library="pthread" />
			<Add library="xcb" />
			<Add library="Xau" />
			<Add library="Xdmcp" />
		</Linker>
		<Unit filename="customcore.cpp" />
		<Unit filename="customcore.hpp" />
		<Unit filename="inugami/animatedsprite.cpp">
			<Option virtualFolder="Resource Handles/" />
		</Unit>
		<Unit filename="inugami/animatedsprite.hpp">
			<Option virtualFolder="Resource Handles/" />
		</Unit>
		<Unit filename="inugami/camera.cpp">
			<Option virtualFolder="OpenGL/" />
		</Unit>
		<Unit filename="inugami/camera.hpp">
			<Option virtualFolder="OpenGL/" />
		</Unit>
		<Unit filename="inugami/core.cpp">
			<Option virtualFolder="Core/" />
		</Unit>
		<Unit filename="inugami/core.hpp">
			<Option virtualFolder="Core/" />
		</Unit>
		<Unit filename="inugami/exception.cpp">
			<Option virtualFolder="Utilities/" />
		</Unit>
		<Unit filename="inugami/exception.hpp">
			<Option virtualFolder="Utilities/" />
		</Unit>
		<Unit filename="inugami/geometry.cpp">
			<Option virtualFolder="Resource Data/" />
		</Unit>
		<Unit filename="inugami/geometry.hpp">
			<Option virtualFolder="Resource Data/" />
		</Unit>
		<Unit filename="inugami/image.cpp">
			<Option virtualFolder="Resource Data/" />
		</Unit>
		<Unit filename="inugami/image.hpp">
			<Option virtualFolder="Resource Data/" />
		</Unit>
		<Unit filename="inugami/interface.cpp">
			<Option virtualFolder="Core/" />
		</Unit>
		<Unit filename="inugami/interface.hpp">
			<Option virtualFolder="Core/" />
		</Unit>
		<Unit filename="inugami/inugami.hpp">
			<Option virtualFolder="Core/" />
		</Unit>
		<Unit filename="inugami/loaders.cpp">
			<Option virtualFolder="Utilities/" />
		</Unit>
		<Unit filename="inugami/loaders.hpp">
			<Option virtualFolder="Utilities/" />
		</Unit>
		<Unit filename="inugami/logger.hpp">
			<Option virtualFolder="Utilities/" />
		</Unit>
		<Unit filename="inugami/math.hpp">
			<Option virtualFolder="Utilities/" />
		</Unit>
		<Unit filename="inugami/mathtypes.hpp">
			<Option virtualFolder="Utilities/" />
		</Unit>
		<Unit filename="inugami/mesh.cpp">
			<Option virtualFolder="Resource Handles/" />
		</Unit>
		<Unit filename="inugami/mesh.hpp">
			<Option virtualFolder="Resource Handles/" />
		</Unit>
		<Unit filename="inugami/opengl.hpp">
			<Option virtualFolder="OpenGL/" />
		</Unit>
		<Unit filename="inugami/profiler.cpp">
			<Option virtualFolder="Utilities/" />
		</Unit>
		<Unit filename="inugami/profiler.hpp">
			<Option virtualFolder="Utilities/" />
		</Unit>
		<Unit filename="inugami/shader.cpp">
			<Option virtualFolder="Resource Handles/" />
		</Unit>
		<Unit filename="inugami/shader.hpp">
			<Option virtualFolder="Resource Handles/" />
		</Unit>
		<Unit filename="inugami/shaderprogram.cpp">
			<Option virtualFolder="Resource Data/" />
		</Unit>
		<Unit filename="inugami/shaderprogram.hpp">
			<Option virtualFolder="Resource Data/" />
		</Unit>
		<Unit filename="inugami/spritesheet.cpp">
			<Option virtualFolder="Resource Handles/" />
		</Unit>
		<Unit filename="inugami/spritesheet.hpp">
			<Option virtualFolder="Resource Handles/" />
		</Unit>
		<Unit filename="inugami/texture.cpp">
			<Option virtualFolder="Resource Handles/" />
		</Unit>
		<Unit filename="inugami/texture.hpp">
			<Option virtualFolder="Resource Handles/" />
		</Unit>
		<Unit filename="inugami/transform.cpp">
			<Option virtualFolder="OpenGL/" />
		</Unit>
		<Unit filename="inugami/transform.hpp">
			<Option virtualFolder="OpenGL/" />
		</Unit>
		<Unit filename="inugami/utility.hpp">
			<Option virtualFolder="Utilities/" />
		</Unit>
		<Unit filename="main.cpp" />
		<Unit filename="meta.cpp" />
		<Unit filename="meta.hpp" />
		<Unit filename="shaders/crazy.frag">
			<Option virtualFolder="Shaders/" />
		</Unit>
		<Unit filename="shaders/crazy.vert">
			<Option virtualFolder="Shaders/" />
		</Unit>
		<Extensions>
			<code_completion />
			<envvars />
			<debugger />
			<lib_finder disable_auto="1" />
			<DoxyBlocks>
				<comment_style block="3" line="1" />
				<doxyfile_project />
				<doxyfile_build />
				<doxyfile_warnings warn_if_undocumented="1" />
				<doxyfile_output />
				<doxyfile_dot class_diagrams="1" have_dot="1" />
				<general use_at_in_tags="1" />
			</DoxyBlocks>
			<AutoVersioning>
				<Scheme minor_max="10" build_max="0" rev_max="0" rev_rand_max="10" build_times_to_increment_minor="100" />
				<Settings autoincrement="1" date_declarations="1" update_manifest="1" do_auto_increment="0" ask_to_increment="0" language="C++" svn="0" svn_directory="" header_path="version.h" />
				<Changes_Log show_changes_editor="0" app_title="released version %M.%m.%b of %p" changeslog_path="ChangesLog.txt" />
				<Code header_guard="VERSION_H" namespace="AutoVersion" prefix="" />
			</AutoVersioning>
		</Extensions>
	</Project>
</CodeBlocks_project_file>
